// !$*UTF8*$!
{
	archiveVersion = 1;
	classes = {
	};
	objectVersion = 46;
	objects = {

/* Begin PBXBuildFile section */
		9D9F9A19178FADC600AD68C9 /* UIKit.framework in Frameworks */ = {isa = PBXBuildFile; fileRef = 9D9F9A18178FADC600AD68C9 /* UIKit.framework */; };
		9D9F9A1B178FADC600AD68C9 /* Foundation.framework in Frameworks */ = {isa = PBXBuildFile; fileRef = 9D9F9A1A178FADC600AD68C9 /* Foundation.framework */; };
		9D9F9A1D178FADC600AD68C9 /* CoreGraphics.framework in Frameworks */ = {isa = PBXBuildFile; fileRef = 9D9F9A1C178FADC600AD68C9 /* CoreGraphics.framework */; };
		9D9F9A23178FADC600AD68C9 /* InfoPlist.strings in Resources */ = {isa = PBXBuildFile; fileRef = 9D9F9A21178FADC600AD68C9 /* InfoPlist.strings */; };
		9D9F9A25178FADC600AD68C9 /* main.m in Sources */ = {isa = PBXBuildFile; fileRef = 9D9F9A24178FADC600AD68C9 /* main.m */; };
		9D9F9A29178FADC600AD68C9 /* AppDelegate.m in Sources */ = {isa = PBXBuildFile; fileRef = 9D9F9A28178FADC600AD68C9 /* AppDelegate.m */; };
		9D9F9A2B178FADC600AD68C9 /* Default.png in Resources */ = {isa = PBXBuildFile; fileRef = 9D9F9A2A178FADC600AD68C9 /* Default.png */; };
		9D9F9A2D178FADC600AD68C9 /* Default@2x.png in Resources */ = {isa = PBXBuildFile; fileRef = 9D9F9A2C178FADC600AD68C9 /* Default@2x.png */; };
		9D9F9A2F178FADC600AD68C9 /* Default-568h@2x.png in Resources */ = {isa = PBXBuildFile; fileRef = 9D9F9A2E178FADC600AD68C9 /* Default-568h@2x.png */; };
		9D9F9A38178FB00100AD68C9 /* Master.m in Sources */ = {isa = PBXBuildFile; fileRef = 9D9F9A36178FB00100AD68C9 /* Master.m */; };
		9D9F9A39178FB00100AD68C9 /* Master.xib in Resources */ = {isa = PBXBuildFile; fileRef = 9D9F9A37178FB00100AD68C9 /* Master.xib */; };
		9D9F9A40178FB4D200AD68C9 /* bada.png in Resources */ = {isa = PBXBuildFile; fileRef = 9D9F9A3F178FB4D200AD68C9 /* bada.png */; };
		9D9F9A42178FB4E500AD68C9 /* i.png in Resources */ = {isa = PBXBuildFile; fileRef = 9D9F9A41178FB4E500AD68C9 /* i.png */; };
		9D9F9A44178FB4EF00AD68C9 /* win.jpeg in Resources */ = {isa = PBXBuildFile; fileRef = 9D9F9A43178FB4EF00AD68C9 /* win.jpeg */; };
		9D9F9A46178FB4F700AD68C9 /* bb.png in Resources */ = {isa = PBXBuildFile; fileRef = 9D9F9A45178FB4F700AD68C9 /* bb.png */; };
		9D9F9A48178FB50100AD68C9 /* a.png in Resources */ = {isa = PBXBuildFile; fileRef = 9D9F9A47178FB50100AD68C9 /* a.png */; };
		9D9F9A4C178FBA5900AD68C9 /* DetailViewController.m in Sources */ = {isa = PBXBuildFile; fileRef = 9D9F9A4A178FBA5900AD68C9 /* DetailViewController.m */; };
		9D9F9A4D178FBA5900AD68C9 /* DetailViewController.xib in Resources */ = {isa = PBXBuildFile; fileRef = 9D9F9A4B178FBA5900AD68C9 /* DetailViewController.xib */; };
/* End PBXBuildFile section */

/* Begin PBXFileReference section */
		9D9F9A15178FADC600AD68C9 /* TableExample.app */ = {isa = PBXFileReference; explicitFileType = wrapper.application; includeInIndex = 0; path = TableExample.app; sourceTree = BUILT_PRODUCTS_DIR; };
		9D9F9A18178FADC600AD68C9 /* UIKit.framework */ = {isa = PBXFileReference; lastKnownFileType = wrapper.framework; name = UIKit.framework; path = System/Library/Frameworks/UIKit.framework; sourceTree = SDKROOT; };
		9D9F9A1A178FADC600AD68C9 /* Foundation.framework */ = {isa = PBXFileReference; lastKnownFileType = wrapper.framework; name = Foundation.framework; path = System/Library/Frameworks/Foundation.framework; sourceTree = SDKROOT; };
		9D9F9A1C178FADC600AD68C9 /* CoreGraphics.framework */ = {isa = PBXFileReference; lastKnownFileType = wrapper.framework; name = CoreGraphics.framework; path = System/Library/Frameworks/CoreGraphics.framework; sourceTree = SDKROOT; };
		9D9F9A20178FADC600AD68C9 /* TableExample-Info.plist */ = {isa = PBXFileReference; lastKnownFileType = text.plist.xml; path = "TableExample-Info.plist"; sourceTree = "<group>"; };
		9D9F9A22178FADC600AD68C9 /* en */ = {isa = PBXFileReference; lastKnownFileType = text.plist.strings; name = en; path = en.lproj/InfoPlist.strings; sourceTree = "<group>"; };
		9D9F9A24178FADC600AD68C9 /* main.m */ = {isa = PBXFileReference; lastKnownFileType = sourcecode.c.objc; path = main.m; sourceTree = "<group>"; };
		9D9F9A26178FADC600AD68C9 /* TableExample-Prefix.pch */ = {isa = PBXFileReference; lastKnownFileType = sourcecode.c.h; path = "TableExample-Prefix.pch"; sourceTree = "<group>"; };
		9D9F9A27178FADC600AD68C9 /* AppDelegate.h */ = {isa = PBXFileReference; lastKnownFileType = sourcecode.c.h; path = AppDelegate.h; sourceTree = "<group>"; };
		9D9F9A28178FADC600AD68C9 /* AppDelegate.m */ = {isa = PBXFileReference; lastKnownFileType = sourcecode.c.objc; path = AppDelegate.m; sourceTree = "<group>"; };
		9D9F9A2A178FADC600AD68C9 /* Default.png */ = {isa = PBXFileReference; lastKnownFileType = image.png; path = Default.png; sourceTree = "<group>"; };
		9D9F9A2C178FADC600AD68C9 /* Default@2x.png */ = {isa = PBXFileReference; lastKnownFileType = image.png; path = "Default@2x.png"; sourceTree = "<group>"; };
		9D9F9A2E178FADC600AD68C9 /* Default-568h@2x.png */ = {isa = PBXFileReference; lastKnownFileType = image.png; path = "Default-568h@2x.png"; sourceTree = "<group>"; };
		9D9F9A35178FB00100AD68C9 /* Master.h */ = {isa = PBXFileReference; fileEncoding = 4; lastKnownFileType = sourcecode.c.h; path = Master.h; sourceTree = "<group>"; };
		9D9F9A36178FB00100AD68C9 /* Master.m */ = {isa = PBXFileReference; fileEncoding = 4; lastKnownFileType = sourcecode.c.objc; path = Master.m; sourceTree = "<group>"; };
		9D9F9A37178FB00100AD68C9 /* Master.xib */ = {isa = PBXFileReference; fileEncoding = 4; lastKnownFileType = file.xib; path = Master.xib; sourceTree = "<group>"; };
		9D9F9A3F178FB4D200AD68C9 /* bada.png */ = {isa = PBXFileReference; lastKnownFileType = image.png; path = bada.png; sourceTree = "<group>"; };
		9D9F9A41178FB4E500AD68C9 /* i.png */ = {isa = PBXFileReference; lastKnownFileType = image.png; path = i.png; sourceTree = "<group>"; };
		9D9F9A43178FB4EF00AD68C9 /* win.jpeg */ = {isa = PBXFileReference; lastKnownFileType = image.jpeg; path = win.jpeg; sourceTree = "<group>"; };
		9D9F9A45178FB4F700AD68C9 /* bb.png */ = {isa = PBXFileReference; lastKnownFileType = image.png; path = bb.png; sourceTree = "<group>"; };
		9D9F9A47178FB50100AD68C9 /* a.png */ = {isa = PBXFileReference; lastKnownFileType = image.png; path = a.png; sourceTree = "<group>"; };
		9D9F9A49178FBA5900AD68C9 /* DetailViewController.h */ = {isa = PBXFileReference; fileEncoding = 4; lastKnownFileType = sourcecode.c.h; name = DetailViewController.h; path = ../DetailViewController.h; sourceTree = "<group>"; };
		9D9F9A4A178FBA5900AD68C9 /* DetailViewController.m */ = {isa = PBXFileReference; fileEncoding = 4; lastKnownFileType = sourcecode.c.objc; name = DetailViewController.m; path = ../DetailViewController.m; sourceTree = "<group>"; };
		9D9F9A4B178FBA5900AD68C9 /* DetailViewController.xib */ = {isa = PBXFileReference; fileEncoding = 4; lastKnownFileType = file.xib; name = DetailViewController.xib; path = ../DetailViewController.xib; sourceTree = "<group>"; };
/* End PBXFileReference section */

/* Begin PBXFrameworksBuildPhase section */
		9D9F9A12178FADC600AD68C9 /* Frameworks */ = {
			isa = PBXFrameworksBuildPhase;
			buildActionMask = 2147483647;
			files = (
				9D9F9A19178FADC600AD68C9 /* UIKit.framework in Frameworks */,
				9D9F9A1B178FADC600AD68C9 /* Foundation.framework in Frameworks */,
				9D9F9A1D178FADC600AD68C9 /* CoreGraphics.framework in Frameworks */,
			);
			runOnlyForDeploymentPostprocessing = 0;
		};
/* End PBXFrameworksBuildPhase section */

/* Begin PBXGroup section */
		9D9F9A0C178FADC600AD68C9 = {
			isa = PBXGroup;
			children = (
				9D9F9A1E178FADC600AD68C9 /* TableExample */,
				9D9F9A17178FADC600AD68C9 /* Frameworks */,
				9D9F9A16178FADC600AD68C9 /* Products */,
			);
			sourceTree = "<group>";
		};
		9D9F9A16178FADC600AD68C9 /* Products */ = {
			isa = PBXGroup;
			children = (
				9D9F9A15178FADC600AD68C9 /* TableExample.app */,
			);
			name = Products;
			sourceTree = "<group>";
		};
		9D9F9A17178FADC600AD68C9 /* Frameworks */ = {
			isa = PBXGroup;
			children = (
				9D9F9A18178FADC600AD68C9 /* UIKit.framework */,
				9D9F9A1A178FADC600AD68C9 /* Foundation.framework */,
				9D9F9A1C178FADC600AD68C9 /* CoreGraphics.framework */,
			);
			name = Frameworks;
			sourceTree = "<group>";
		};
		9D9F9A1E178FADC600AD68C9 /* TableExample */ = {
			isa = PBXGroup;
			children = (
				9D9F9A27178FADC600AD68C9 /* AppDelegate.h */,
				9D9F9A28178FADC600AD68C9 /* AppDelegate.m */,
				9D9F9A35178FB00100AD68C9 /* Master.h */,
				9D9F9A36178FB00100AD68C9 /* Master.m */,
				9D9F9A37178FB00100AD68C9 /* Master.xib */,
				9D9F9A49178FBA5900AD68C9 /* DetailViewController.h */,
				9D9F9A4A178FBA5900AD68C9 /* DetailViewController.m */,
				9D9F9A4B178FBA5900AD68C9 /* DetailViewController.xib */,
				9D9F9A47178FB50100AD68C9 /* a.png */,
				9D9F9A3F178FB4D200AD68C9 /* bada.png */,
				9D9F9A45178FB4F700AD68C9 /* bb.png */,
				9D9F9A41178FB4E500AD68C9 /* i.png */,
				9D9F9A43178FB4EF00AD68C9 /* win.jpeg */,
				9D9F9A1F178FADC600AD68C9 /* Supporting Files */,
			);
			path = TableExample;
			sourceTree = "<group>";
		};
		9D9F9A1F178FADC600AD68C9 /* Supporting Files */ = {
			isa = PBXGroup;
			children = (
				9D9F9A20178FADC600AD68C9 /* TableExample-Info.plist */,
				9D9F9A21178FADC600AD68C9 /* InfoPlist.strings */,
				9D9F9A24178FADC600AD68C9 /* main.m */,
				9D9F9A26178FADC600AD68C9 /* TableExample-Prefix.pch */,
				9D9F9A2A178FADC600AD68C9 /* Default.png */,
				9D9F9A2C178FADC600AD68C9 /* Default@2x.png */,
				9D9F9A2E178FADC600AD68C9 /* Default-568h@2x.png */,
			);
			name = "Supporting Files";
			sourceTree = "<group>";
		};
/* End PBXGroup section */

/* Begin PBXNativeTarget section */
		9D9F9A14178FADC600AD68C9 /* TableExample */ = {
			isa = PBXNativeTarget;
			buildConfigurationList = 9D9F9A32178FADC600AD68C9 /* Build configuration list for PBXNativeTarget "TableExample" */;
			buildPhases = (
				9D9F9A11178FADC600AD68C9 /* Sources */,
				9D9F9A12178FADC600AD68C9 /* Frameworks */,
				9D9F9A13178FADC600AD68C9 /* Resources */,
			);
			buildRules = (
			);
			dependencies = (
			);
			name = TableExample;
			productName = TableExample;
			productReference = 9D9F9A15178FADC600AD68C9 /* TableExample.app */;
			productType = "com.apple.product-type.application";
		};
/* End PBXNativeTarget section */

/* Begin PBXProject section */
		9D9F9A0D178FADC600AD68C9 /* Project object */ = {
			isa = PBXProject;
			attributes = {
				LastUpgradeCheck = 0460;
				ORGANIZATIONNAME = ipapstudent;
			};
			buildConfigurationList = 9D9F9A10178FADC600AD68C9 /* Build configuration list for PBXProject "TableExample" */;
			compatibilityVersion = "Xcode 3.2";
			developmentRegion = English;
			hasScannedForEncodings = 0;
			knownRegions = (
				en,
			);
			mainGroup = 9D9F9A0C178FADC600AD68C9;
			productRefGroup = 9D9F9A16178FADC600AD68C9 /* Products */;
			projectDirPath = "";
			projectRoot = "";
			targets = (
				9D9F9A14178FADC600AD68C9 /* TableExample */,
			);
		};
/* End PBXProject section */

/* Begin PBXResourcesBuildPhase section */
		9D9F9A13178FADC600AD68C9 /* Resources */ = {
			isa = PBXResourcesBuildPhase;
			buildActionMask = 2147483647;
			files = (
				9D9F9A23178FADC600AD68C9 /* InfoPlist.strings in Resources */,
				9D9F9A2B178FADC600AD68C9 /* Default.png in Resources */,
				9D9F9A2D178FADC600AD68C9 /* Default@2x.png in Resources */,
				9D9F9A2F178FADC600AD68C9 /* Default-568h@2x.png in Resources */,
				9D9F9A39178FB00100AD68C9 /* Master.xib in Resources */,
				9D9F9A40178FB4D200AD68C9 /* bada.png in Resources */,
				9D9F9A42178FB4E500AD68C9 /* i.png in Resources */,
				9D9F9A44178FB4EF00AD68C9 /* win.jpeg in Resources */,
				9D9F9A46178FB4F700AD68C9 /* bb.png in Resources */,
				9D9F9A48178FB50100AD68C9 /* a.png in Resources */,
				9D9F9A4D178FBA5900AD68C9 /* DetailViewController.xib in Resources */,
			);
			runOnlyForDeploymentPostprocessing = 0;
		};
/* End PBXResourcesBuildPhase section */

/* Begin PBXSourcesBuildPhase section */
		9D9F9A11178FADC600AD68C9 /* Sources */ = {
			isa = PBXSourcesBuildPhase;
			buildActionMask = 2147483647;
			files = (
				9D9F9A25178FADC600AD68C9 /* main.m in Sources */,
				9D9F9A29178FADC600AD68C9 /* AppDelegate.m in Sources */,
				9D9F9A38178FB00100AD68C9 /* Master.m in Sources */,
				9D9F9A4C178FBA5900AD68C9 /* DetailViewController.m in Sources */,
			);
			runOnlyForDeploymentPostprocessing = 0;
		};
/* End PBXSourcesBuildPhase section */

/* Begin PBXVariantGroup section */
		9D9F9A21178FADC600AD68C9 /* InfoPlist.strings */ = {
			isa = PBXVariantGroup;
			children = (
				9D9F9A22178FADC600AD68C9 /* en */,
			);
			name = InfoPlist.strings;
			sourceTree = "<group>";
		};
/* End PBXVariantGroup section */

/* Begin XCBuildConfiguration section */
		9D9F9A30178FADC600AD68C9 /* Debug */ = {
			isa = XCBuildConfiguration;
			buildSettings = {
				ALWAYS_SEARCH_USER_PATHS = NO;
				CLANG_CXX_LANGUAGE_STANDARD = "gnu++0x";
				CLANG_CXX_LIBRARY = "libc++";
				CLANG_WARN_CONSTANT_CONVERSION = YES;
				CLANG_WARN_EMPTY_BODY = YES;
				CLANG_WARN_ENUM_CONVERSION = YES;
				CLANG_WARN_INT_CONVERSION = YES;
				CLANG_WARN__DUPLICATE_METHOD_MATCH = YES;
				"CODE_SIGN_IDENTITY[sdk=iphoneos*]" = "iPhone Developer";
				COPY_PHASE_STRIP = NO;
				GCC_C_LANGUAGE_STANDARD = gnu99;
				GCC_DYNAMIC_NO_PIC = NO;
				GCC_OPTIMIZATION_LEVEL = 0;
				GCC_PREPROCESSOR_DEFINITIONS = (
					"DEBUG=1",
					"$(inherited)",
				);
				GCC_SYMBOLS_PRIVATE_EXTERN = NO;
				GCC_WARN_ABOUT_RETURN_TYPE = YES;
				GCC_WARN_UNINITIALIZED_AUTOS = YES;
				GCC_WARN_UNUSED_VARIABLE = YES;
				IPHONEOS_DEPLOYMENT_TARGET = 6.1;
				ONLY_ACTIVE_ARCH = YES;
				SDKROOT = iphoneos;
			};
			name = Debug;
		};
		9D9F9A31178FADC600AD68C9 /* Release */ = {
			isa = XCBuildConfiguration;
			buildSettings = {
				ALWAYS_SEARCH_USER_PATHS = NO;
				CLANG_CXX_LANGUAGE_STANDARD = "gnu++0x";
				CLANG_CXX_LIBRARY = "libc++";
				CLANG_WARN_CONSTANT_CONVERSION = YES;
				CLANG_WARN_EMPTY_BODY = YES;
				CLANG_WARN_ENUM_CONVERSION = YES;
				CLANG_WARN_INT_CONVERSION = YES;
				CLANG_WARN__DUPLICATE_METHOD_MATCH = YES;
				"CODE_SIGN_IDENTITY[sdk=iphoneos*]" = "iPhone Developer";
				COPY_PHASE_STRIP = YES;
				GCC_C_LANGUAGE_STANDARD = gnu99;
				GCC_WARN_ABOUT_RETURN_TYPE = YES;
				GCC_WARN_UNINITIALIZED_AUTOS = YES;
				GCC_WARN_UNUSED_VARIABLE = YES;
				IPHONEOS_DEPLOYMENT_TARGET = 6.1;
				OTHER_CFLAGS = "-DNS_BLOCK_ASSERTIONS=1";
				SDKROOT = iphoneos;
				VALIDATE_PRODUCT = YES;
			};
			name = Release;
		};
		9D9F9A33178FADC600AD68C9 /* Debug */ = {
			isa = XCBuildConfiguration;
			buildSettings = {
				GCC_PRECOMPILE_PREFIX_HEADER = YES;
				GCC_PREFIX_HEADER = "TableExample/TableExample-Prefix.pch";
				INFOPLIST_FILE = "TableExample/TableExample-Info.plist";
				PRODUCT_NAME = "$(TARGET_NAME)";
				WRAPPER_EXTENSION = app;
			};
			name = Debug;
		};
		9D9F9A34178FADC600AD68C9 /* Release */ = {
			isa = XCBuildConfiguration;
			buildSettings = {
				GCC_PRECOMPILE_PREFIX_HEADER = YES;
				GCC_PREFIX_HEADER = "TableExample/TableExample-Prefix.pch";
				INFOPLIST_FILE = "TableExample/TableExample-Info.plist";
				PRODUCT_NAME = "$(TARGET_NAME)";
				WRAPPER_EXTENSION = app;
			};
			name = Release;
		};
/* End XCBuildConfiguration section */

/* Begin XCConfigurationList section */
		9D9F9A10178FADC600AD68C9 /* Build configuration list for PBXProject "TableExample" */ = {
			isa = XCConfigurationList;
			buildConfigurations = (
				9D9F9A30178FADC600AD68C9 /* Debug */,
				9D9F9A31178FADC600AD68C9 /* Release */,
			);
			defaultConfigurationIsVisible = 0;
			defaultConfigurationName = Release;
		};
		9D9F9A32178FADC600AD68C9 /* Build configuration list for PBXNativeTarget "TableExample" */ = {
			isa = XCConfigurationList;
			buildConfigurations = (
				9D9F9A33178FADC600AD68C9 /* Debug */,
				9D9F9A34178FADC600AD68C9 /* Release */,
			);
			defaultConfigurationIsVisible = 0;
		};
/* End XCConfigurationList section */
	};
	rootObject = 9D9F9A0D178FADC600AD68C9 /* Project object */;
}
